
Microsoft Visual Studio Solution File, Format Version 12.00
# Visual Studio Version 17
VisualStudioVersion = 17.14.36511.14 d17.14
MinimumVisualStudioVersion = 10.0.40219.1
Project("{FAE04EC0-301F-11D3-BF4B-00C04F79EFBC}") = "LinkedIn", "LinkedIn\LinkedIn.csproj", "{A69AC24B-17DC-458D-A2FB-0398C3D770C0}"
EndProject
Global
	GlobalSection(SolutionConfigurationPlatforms) = preSolution
		Debug|Any CPU = Debug|Any CPU
		Release|Any CPU = Release|Any CPU
	EndGlobalSection
	GlobalSection(ProjectConfigurationPlatforms) = postSolution
		{A69AC24B-17DC-458D-A2FB-0398C3D770C0}.Debug|Any CPU.ActiveCfg = Debug|Any CPU
		{A69AC24B-17DC-458D-A2FB-0398C3D770C0}.Debug|Any CPU.Build.0 = Debug|Any CPU
		{A69AC24B-17DC-458D-A2FB-0398C3D770C0}.Release|Any CPU.ActiveCfg = Release|Any CPU
		{A69AC24B-17DC-458D-A2FB-0398C3D770C0}.Release|Any CPU.Build.0 = Release|Any CPU
	EndGlobalSection
	GlobalSection(SolutionProperties) = preSolution
		HideSolutionNode = FALSE
	EndGlobalSection
	GlobalSection(ExtensibilityGlobals) = postSolution
		SolutionGuid = {1D230418-D270-45E8-BBBF-4FAE9639F35B}
	EndGlobalSection
EndGlobal
